
Microsoft Visual Studio Solution File, Format Version 12.00
# Visual Studio 15
VisualStudioVersion = 15.0.26730.12
MinimumVisualStudioVersion = 10.0.40219.1
Project("{FAE04EC0-301F-11D3-BF4B-00C04F79EFBC}") = "SIFE.ServiciosDistribuidos.RESTApi", "SIFE.ServiciosDistribuidos.RESTApi\SIFE.ServiciosDistribuidos.RESTApi.csproj", "{C535797C-D3C1-40C1-BCED-EA2A36219478}"
EndProject
Project("{FAE04EC0-301F-11D3-BF4B-00C04F79EFBC}") = "SIFE.ServiciosDistribuidos.Core", "SIFE.ServiciosDistribuidos.Core\SIFE.ServiciosDistribuidos.Core.csproj", "{75566DDC-9788-4902-AA18-8725550621DD}"
EndProject
Global
	GlobalSection(SolutionConfigurationPlatforms) = preSolution
		Debug|Any CPU = Debug|Any CPU
		Release|Any CPU = Release|Any CPU
	EndGlobalSection
	GlobalSection(ProjectConfigurationPlatforms) = postSolution
		{C535797C-D3C1-40C1-BCED-EA2A36219478}.Debug|Any CPU.ActiveCfg = Debug|Any CPU
		{C535797C-D3C1-40C1-BCED-EA2A36219478}.Debug|Any CPU.Build.0 = Debug|Any CPU
		{C535797C-D3C1-40C1-BCED-EA2A36219478}.Release|Any CPU.ActiveCfg = Release|Any CPU
		{C535797C-D3C1-40C1-BCED-EA2A36219478}.Release|Any CPU.Build.0 = Release|Any CPU
		{75566DDC-9788-4902-AA18-8725550621DD}.Debug|Any CPU.ActiveCfg = Debug|Any CPU
		{75566DDC-9788-4902-AA18-8725550621DD}.Debug|Any CPU.Build.0 = Debug|Any CPU
		{75566DDC-9788-4902-AA18-8725550621DD}.Release|Any CPU.ActiveCfg = Release|Any CPU
		{75566DDC-9788-4902-AA18-8725550621DD}.Release|Any CPU.Build.0 = Release|Any CPU
	EndGlobalSection
	GlobalSection(SolutionProperties) = preSolution
		HideSolutionNode = FALSE
	EndGlobalSection
	GlobalSection(ExtensibilityGlobals) = postSolution
		SolutionGuid = {265086C8-012E-4483-9EEF-F2EE03B64825}
	EndGlobalSection
EndGlobal
